// !$*UTF8*$!
{
	archiveVersion = 1;
	classes = {
	};
	objectVersion = 56;
	objects = {

/* Begin PBXBuildFile section */
		29A2B87F29EFF43200FBAB15 /* Player.swift in Sources */ = {isa = PBXBuildFile; fileRef = 29A2B87E29EFF43200FBAB15 /* Player.swift */; };
		29A2B88129EFF4B000FBAB15 /* Dwarf.swift in Sources */ = {isa = PBXBuildFile; fileRef = 29A2B88029EFF4B000FBAB15 /* Dwarf.swift */; };
		29A2B88329EFF4D800FBAB15 /* Wizard.swift in Sources */ = {isa = PBXBuildFile; fileRef = 29A2B88229EFF4D800FBAB15 /* Wizard.swift */; };
		29A72FE42A0A8B4C00221766 /* Game.swift in Sources */ = {isa = PBXBuildFile; fileRef = 29A72FE32A0A8B4C00221766 /* Game.swift */; };
		29A72FE62A0A8BA000221766 /* GameSession.swift in Sources */ = {isa = PBXBuildFile; fileRef = 29A72FE52A0A8BA000221766 /* GameSession.swift */; };
		29A988A629EBF17D00A97395 /* main.swift in Sources */ = {isa = PBXBuildFile; fileRef = 29A988A529EBF17D00A97395 /* main.swift */; };
		29A988AD29EBF22300A97395 /* Character.swift in Sources */ = {isa = PBXBuildFile; fileRef = 29A988AC29EBF22300A97395 /* Character.swift */; };
		29A988AF29EBF29600A97395 /* Warrior.swift in Sources */ = {isa = PBXBuildFile; fileRef = 29A988AE29EBF29600A97395 /* Warrior.swift */; };
		29A988B129EBF2EA00A97395 /* Thief.swift in Sources */ = {isa = PBXBuildFile; fileRef = 29A988B029EBF2EA00A97395 /* Thief.swift */; };
		29A988B329EBF34E00A97395 /* Healer.swift in Sources */ = {isa = PBXBuildFile; fileRef = 29A988B229EBF34E00A97395 /* Healer.swift */; };
		EDA2CAA32A0BD510003214B0 /* Action.swift in Sources */ = {isa = PBXBuildFile; fileRef = EDA2CAA22A0BD510003214B0 /* Action.swift */; };
/* End PBXBuildFile section */

/* Begin PBXCopyFilesBuildPhase section */
		29A988A029EBF17D00A97395 /* CopyFiles */ = {
			isa = PBXCopyFilesBuildPhase;
			buildActionMask = 2147483647;
			dstPath = /usr/share/man/man1/;
			dstSubfolderSpec = 0;
			files = (
			);
			runOnlyForDeploymentPostprocessing = 1;
		};
/* End PBXCopyFilesBuildPhase section */

/* Begin PBXFileReference section */
		29A2B87E29EFF43200FBAB15 /* Player.swift */ = {isa = PBXFileReference; lastKnownFileType = sourcecode.swift; path = Player.swift; sourceTree = SOURCE_ROOT; };
		29A2B88029EFF4B000FBAB15 /* Dwarf.swift */ = {isa = PBXFileReference; lastKnownFileType = sourcecode.swift; name = Dwarf.swift; path = Game/Characters/Dwarf.swift; sourceTree = SOURCE_ROOT; };
		29A2B88229EFF4D800FBAB15 /* Wizard.swift */ = {isa = PBXFileReference; lastKnownFileType = sourcecode.swift; name = Wizard.swift; path = Game/Characters/Wizard.swift; sourceTree = SOURCE_ROOT; };
		29A72FE32A0A8B4C00221766 /* Game.swift */ = {isa = PBXFileReference; lastKnownFileType = sourcecode.swift; path = Game.swift; sourceTree = "<group>"; };
		29A72FE52A0A8BA000221766 /* GameSession.swift */ = {isa = PBXFileReference; lastKnownFileType = sourcecode.swift; path = GameSession.swift; sourceTree = "<group>"; };
		29A988A229EBF17D00A97395 /* Game */ = {isa = PBXFileReference; explicitFileType = "compiled.mach-o.executable"; includeInIndex = 0; path = Game; sourceTree = BUILT_PRODUCTS_DIR; };
		29A988A529EBF17D00A97395 /* main.swift */ = {isa = PBXFileReference; lastKnownFileType = sourcecode.swift; path = main.swift; sourceTree = "<group>"; };
		29A988AC29EBF22300A97395 /* Character.swift */ = {isa = PBXFileReference; lastKnownFileType = sourcecode.swift; name = Character.swift; path = Game/Character.swift; sourceTree = SOURCE_ROOT; };
		29A988AE29EBF29600A97395 /* Warrior.swift */ = {isa = PBXFileReference; lastKnownFileType = sourcecode.swift; name = Warrior.swift; path = Game/Characters/Warrior.swift; sourceTree = SOURCE_ROOT; };
		29A988B029EBF2EA00A97395 /* Thief.swift */ = {isa = PBXFileReference; lastKnownFileType = sourcecode.swift; name = Thief.swift; path = Game/Characters/Thief.swift; sourceTree = SOURCE_ROOT; };
		29A988B229EBF34E00A97395 /* Healer.swift */ = {isa = PBXFileReference; lastKnownFileType = sourcecode.swift; name = Healer.swift; path = Game/Characters/Healer.swift; sourceTree = SOURCE_ROOT; };
		EDA2CAA22A0BD510003214B0 /* Action.swift */ = {isa = PBXFileReference; lastKnownFileType = sourcecode.swift; path = Action.swift; sourceTree = "<group>"; };
/* End PBXFileReference section */

/* Begin PBXFrameworksBuildPhase section */
		29A9889F29EBF17D00A97395 /* Frameworks */ = {
			isa = PBXFrameworksBuildPhase;
			buildActionMask = 2147483647;
			files = (
			);
			runOnlyForDeploymentPostprocessing = 0;
		};
/* End PBXFrameworksBuildPhase section */

/* Begin PBXGroup section */
		2947CBCA2A0169E90081E17D /* Characters */ = {
			isa = PBXGroup;
			children = (
				29A2B88029EFF4B000FBAB15 /* Dwarf.swift */,
				29A2B88229EFF4D800FBAB15 /* Wizard.swift */,
				29A988B029EBF2EA00A97395 /* Thief.swift */,
				29A988AE29EBF29600A97395 /* Warrior.swift */,
				29A988B229EBF34E00A97395 /* Healer.swift */,
			);
			path = Characters;
			sourceTree = "<group>";
		};
		29A9889929EBF17D00A97395 = {
			isa = PBXGroup;
			children = (
				EDA2CAA22A0BD510003214B0 /* Action.swift */,
				29A988A429EBF17D00A97395 /* Game */,
				29A988A329EBF17D00A97395 /* Products */,
			);
			sourceTree = "<group>";
		};
		29A988A329EBF17D00A97395 /* Products */ = {
			isa = PBXGroup;
			children = (
				29A988A229EBF17D00A97395 /* Game */,
			);
			name = Products;
			sourceTree = "<group>";
		};
		29A988A429EBF17D00A97395 /* Game */ = {
			isa = PBXGroup;
			children = (
				2947CBCA2A0169E90081E17D /* Characters */,
				29A988AC29EBF22300A97395 /* Character.swift */,
				29A988A529EBF17D00A97395 /* main.swift */,
				29A2B87E29EFF43200FBAB15 /* Player.swift */,
				29A72FE32A0A8B4C00221766 /* Game.swift */,
				29A72FE52A0A8BA000221766 /* GameSession.swift */,
			);
			path = Game;
			sourceTree = "<group>";
		};
/* End PBXGroup section */

/* Begin PBXNativeTarget section */
		29A988A129EBF17D00A97395 /* Game */ = {
			isa = PBXNativeTarget;
			buildConfigurationList = 29A988A929EBF17D00A97395 /* Build configuration list for PBXNativeTarget "Game" */;
			buildPhases = (
				29A9889E29EBF17D00A97395 /* Sources */,
				29A9889F29EBF17D00A97395 /* Frameworks */,
				29A988A029EBF17D00A97395 /* CopyFiles */,
			);
			buildRules = (
			);
			dependencies = (
			);
			name = Game;
			productName = Game;
			productReference = 29A988A229EBF17D00A97395 /* Game */;
			productType = "com.apple.product-type.tool";
		};
/* End PBXNativeTarget section */

/* Begin PBXProject section */
		29A9889A29EBF17D00A97395 /* Project object */ = {
			isa = PBXProject;
			attributes = {
				BuildIndependentTargetsInParallel = 1;
				LastSwiftUpdateCheck = 1430;
				LastUpgradeCheck = 1430;
				TargetAttributes = {
					29A988A129EBF17D00A97395 = {
						CreatedOnToolsVersion = 14.3;
					};
				};
			};
			buildConfigurationList = 29A9889D29EBF17D00A97395 /* Build configuration list for PBXProject "Game" */;
			compatibilityVersion = "Xcode 14.0";
			developmentRegion = en;
			hasScannedForEncodings = 0;
			knownRegions = (
				en,
				Base,
			);
			mainGroup = 29A9889929EBF17D00A97395;
			productRefGroup = 29A988A329EBF17D00A97395 /* Products */;
			projectDirPath = "";
			projectRoot = "";
			targets = (
				29A988A129EBF17D00A97395 /* Game */,
			);
		};
/* End PBXProject section */

/* Begin PBXSourcesBuildPhase section */
		29A9889E29EBF17D00A97395 /* Sources */ = {
			isa = PBXSourcesBuildPhase;
			buildActionMask = 2147483647;
			files = (
				29A2B88329EFF4D800FBAB15 /* Wizard.swift in Sources */,
				EDA2CAA32A0BD510003214B0 /* Action.swift in Sources */,
				29A72FE42A0A8B4C00221766 /* Game.swift in Sources */,
				29A72FE62A0A8BA000221766 /* GameSession.swift in Sources */,
				29A988AF29EBF29600A97395 /* Warrior.swift in Sources */,
				29A2B87F29EFF43200FBAB15 /* Player.swift in Sources */,
				29A988B129EBF2EA00A97395 /* Thief.swift in Sources */,
				29A988B329EBF34E00A97395 /* Healer.swift in Sources */,
				29A988A629EBF17D00A97395 /* main.swift in Sources */,
				29A2B88129EFF4B000FBAB15 /* Dwarf.swift in Sources */,
				29A988AD29EBF22300A97395 /* Character.swift in Sources */,
			);
			runOnlyForDeploymentPostprocessing = 0;
		};
/* End PBXSourcesBuildPhase section */

/* Begin XCBuildConfiguration section */
		29A988A729EBF17D00A97395 /* Debug */ = {
			isa = XCBuildConfiguration;
			buildSettings = {
				ALWAYS_SEARCH_USER_PATHS = NO;
				CLANG_ANALYZER_NONNULL = YES;
				CLANG_ANALYZER_NUMBER_OBJECT_CONVERSION = YES_AGGRESSIVE;
				CLANG_CXX_LANGUAGE_STANDARD = "gnu++20";
				CLANG_ENABLE_MODULES = YES;
				CLANG_ENABLE_OBJC_ARC = YES;
				CLANG_ENABLE_OBJC_WEAK = YES;
				CLANG_WARN_BLOCK_CAPTURE_AUTORELEASING = YES;
				CLANG_WARN_BOOL_CONVERSION = YES;
				CLANG_WARN_COMMA = YES;
				CLANG_WARN_CONSTANT_CONVERSION = YES;
				CLANG_WARN_DEPRECATED_OBJC_IMPLEMENTATIONS = YES;
				CLANG_WARN_DIRECT_OBJC_ISA_USAGE = YES_ERROR;
				CLANG_WARN_DOCUMENTATION_COMMENTS = YES;
				CLANG_WARN_EMPTY_BODY = YES;
				CLANG_WARN_ENUM_CONVERSION = YES;
				CLANG_WARN_INFINITE_RECURSION = YES;
				CLANG_WARN_INT_CONVERSION = YES;
				CLANG_WARN_NON_LITERAL_NULL_CONVERSION = YES;
				CLANG_WARN_OBJC_IMPLICIT_RETAIN_SELF = YES;
				CLANG_WARN_OBJC_LITERAL_CONVERSION = YES;
				CLANG_WARN_OBJC_ROOT_CLASS = YES_ERROR;
				CLANG_WARN_QUOTED_INCLUDE_IN_FRAMEWORK_HEADER = YES;
				CLANG_WARN_RANGE_LOOP_ANALYSIS = YES;
				CLANG_WARN_STRICT_PROTOTYPES = YES;
				CLANG_WARN_SUSPICIOUS_MOVE = YES;
				CLANG_WARN_UNGUARDED_AVAILABILITY = YES_AGGRESSIVE;
				CLANG_WARN_UNREACHABLE_CODE = YES;
				CLANG_WARN__DUPLICATE_METHOD_MATCH = YES;
				COPY_PHASE_STRIP = NO;
				DEBUG_INFORMATION_FORMAT = dwarf;
				ENABLE_STRICT_OBJC_MSGSEND = YES;
				ENABLE_TESTABILITY = YES;
				GCC_C_LANGUAGE_STANDARD = gnu11;
				GCC_DYNAMIC_NO_PIC = NO;
				GCC_NO_COMMON_BLOCKS = YES;
				GCC_OPTIMIZATION_LEVEL = 0;
				GCC_PREPROCESSOR_DEFINITIONS = (
					"DEBUG=1",
					"$(inherited)",
				);
				GCC_WARN_64_TO_32_BIT_CONVERSION = YES;
				GCC_WARN_ABOUT_RETURN_TYPE = YES_ERROR;
				GCC_WARN_UNDECLARED_SELECTOR = YES;
				GCC_WARN_UNINITIALIZED_AUTOS = YES_AGGRESSIVE;
				GCC_WARN_UNUSED_FUNCTION = YES;
				GCC_WARN_UNUSED_VARIABLE = YES;
				MACOSX_DEPLOYMENT_TARGET = 13.0;
				MTL_ENABLE_DEBUG_INFO = INCLUDE_SOURCE;
				MTL_FAST_MATH = YES;
				ONLY_ACTIVE_ARCH = YES;
				SDKROOT = macosx;
				SWIFT_ACTIVE_COMPILATION_CONDITIONS = DEBUG;
				SWIFT_OPTIMIZATION_LEVEL = "-Onone";
			};
			name = Debug;
		};
		29A988A829EBF17D00A97395 /* Release */ = {
			isa = XCBuildConfiguration;
			buildSettings = {
				ALWAYS_SEARCH_USER_PATHS = NO;
				CLANG_ANALYZER_NONNULL = YES;
				CLANG_ANALYZER_NUMBER_OBJECT_CONVERSION = YES_AGGRESSIVE;
				CLANG_CXX_LANGUAGE_STANDARD = "gnu++20";
				CLANG_ENABLE_MODULES = YES;
				CLANG_ENABLE_OBJC_ARC = YES;
				CLANG_ENABLE_OBJC_WEAK = YES;
				CLANG_WARN_BLOCK_CAPTURE_AUTORELEASING = YES;
				CLANG_WARN_BOOL_CONVERSION = YES;
				CLANG_WARN_COMMA = YES;
				CLANG_WARN_CONSTANT_CONVERSION = YES;
				CLANG_WARN_DEPRECATED_OBJC_IMPLEMENTATIONS = YES;
				CLANG_WARN_DIRECT_OBJC_ISA_USAGE = YES_ERROR;
				CLANG_WARN_DOCUMENTATION_COMMENTS = YES;
				CLANG_WARN_EMPTY_BODY = YES;
				CLANG_WARN_ENUM_CONVERSION = YES;
				CLANG_WARN_INFINITE_RECURSION = YES;
				CLANG_WARN_INT_CONVERSION = YES;
				CLANG_WARN_NON_LITERAL_NULL_CONVERSION = YES;
				CLANG_WARN_OBJC_IMPLICIT_RETAIN_SELF = YES;
				CLANG_WARN_OBJC_LITERAL_CONVERSION = YES;
				CLANG_WARN_OBJC_ROOT_CLASS = YES_ERROR;
				CLANG_WARN_QUOTED_INCLUDE_IN_FRAMEWORK_HEADER = YES;
				CLANG_WARN_RANGE_LOOP_ANALYSIS = YES;
				CLANG_WARN_STRICT_PROTOTYPES = YES;
				CLANG_WARN_SUSPICIOUS_MOVE = YES;
				CLANG_WARN_UNGUARDED_AVAILABILITY = YES_AGGRESSIVE;
				CLANG_WARN_UNREACHABLE_CODE = YES;
				CLANG_WARN__DUPLICATE_METHOD_MATCH = YES;
				COPY_PHASE_STRIP = NO;
				DEBUG_INFORMATION_FORMAT = "dwarf-with-dsym";
				ENABLE_NS_ASSERTIONS = NO;
				ENABLE_STRICT_OBJC_MSGSEND = YES;
				GCC_C_LANGUAGE_STANDARD = gnu11;
				GCC_NO_COMMON_BLOCKS = YES;
				GCC_WARN_64_TO_32_BIT_CONVERSION = YES;
				GCC_WARN_ABOUT_RETURN_TYPE = YES_ERROR;
				GCC_WARN_UNDECLARED_SELECTOR = YES;
				GCC_WARN_UNINITIALIZED_AUTOS = YES_AGGRESSIVE;
				GCC_WARN_UNUSED_FUNCTION = YES;
				GCC_WARN_UNUSED_VARIABLE = YES;
				MACOSX_DEPLOYMENT_TARGET = 13.0;
				MTL_ENABLE_DEBUG_INFO = NO;
				MTL_FAST_MATH = YES;
				SDKROOT = macosx;
				SWIFT_COMPILATION_MODE = wholemodule;
				SWIFT_OPTIMIZATION_LEVEL = "-O";
			};
			name = Release;
		};
		29A988AA29EBF17D00A97395 /* Debug */ = {
			isa = XCBuildConfiguration;
			buildSettings = {
				CODE_SIGN_STYLE = Automatic;
				PRODUCT_NAME = "$(TARGET_NAME)";
				SWIFT_VERSION = 5.0;
			};
			name = Debug;
		};
		29A988AB29EBF17D00A97395 /* Release */ = {
			isa = XCBuildConfiguration;
			buildSettings = {
				CODE_SIGN_STYLE = Automatic;
				PRODUCT_NAME = "$(TARGET_NAME)";
				SWIFT_VERSION = 5.0;
			};
			name = Release;
		};
/* End XCBuildConfiguration section */

/* Begin XCConfigurationList section */
		29A9889D29EBF17D00A97395 /* Build configuration list for PBXProject "Game" */ = {
			isa = XCConfigurationList;
			buildConfigurations = (
				29A988A729EBF17D00A97395 /* Debug */,
				29A988A829EBF17D00A97395 /* Release */,
			);
			defaultConfigurationIsVisible = 0;
			defaultConfigurationName = Release;
		};
		29A988A929EBF17D00A97395 /* Build configuration list for PBXNativeTarget "Game" */ = {
			isa = XCConfigurationList;
			buildConfigurations = (
				29A988AA29EBF17D00A97395 /* Debug */,
				29A988AB29EBF17D00A97395 /* Release */,
			);
			defaultConfigurationIsVisible = 0;
			defaultConfigurationName = Release;
		};
/* End XCConfigurationList section */
	};
	rootObject = 29A9889A29EBF17D00A97395 /* Project object */;
}
